schema: '2.0'
stages:
  prepare:
    cmd: python src/prepare.py data/data.xml
    deps:
    - path: data/data.xml
      hash: md5
      md5: 22a1a2931c8370d3aeedd7183606fd7f
      size: 14445097
    - path: src/prepare.py
      hash: md5
      md5: 0f89ecdffbb5b8560d0ae6b21e2e5e4e
      size: 1585
    params:
      params.yaml:
        prepare.seed: 20170428
        prepare.split: 0.5
    outs:
    - path: data/prepared
      hash: md5
      md5: 584f223474ec5618d2e9050b2c9ff044.dir
      size: 8437363
      nfiles: 2
  featurize:
    cmd: python src/featurization.py data/prepared data/features
    deps:
    - path: data/prepared
      hash: md5
      md5: 584f223474ec5618d2e9050b2c9ff044.dir
      size: 8437363
      nfiles: 2
    - path: src/featurization.py
      hash: md5
      md5: e0265fc22f056a4b86d85c3056bc2894
      size: 2490
    params:
      params.yaml:
        featurize.max_features: 100
        featurize.ngrams: 1
    outs:
    - path: data/features
      hash: md5
      md5: e40782c91a6f3efc5ad96535ffe52293.dir
      size: 1558194
      nfiles: 2
  train:
    cmd: python src/train.py data/features model.pkl
    deps:
    - path: data/features
      hash: md5
      md5: e40782c91a6f3efc5ad96535ffe52293.dir
      size: 1558194
      nfiles: 2
    - path: src/train.py
      hash: md5
      md5: c3961d777cfbd7727f9fde4851896006
      size: 967
    params:
      params.yaml:
        train.min_split: 0.01
        train.n_est: 100
        train.seed: 20170428
    outs:
    - path: model.pkl
      hash: md5
      md5: dc99471f9c817a23f7c2e6f1e8b57ad6
      size: 2870957
  evaluate:
    cmd: python src/evaluate.py model.pkl data/features
    deps:
    - path: data/features
      hash: md5
      md5: e40782c91a6f3efc5ad96535ffe52293.dir
      size: 1558194
      nfiles: 2
    - path: model.pkl
      hash: md5
      md5: dc99471f9c817a23f7c2e6f1e8b57ad6
      size: 2870957
    - path: src/evaluate.py
      hash: md5
      md5: e1a0cdcd3c42733bc6423a08902a2077
      size: 3312
    outs:
    - path: eval/importance.png
      hash: md5
      md5: b84d4022df6eaf4aeed50073135f8028
      size: 32311
    - path: eval/live/metrics.json
      hash: md5
      md5: 3de7fd6a3cb5b919f8230613ffceca46
      size: 200
    - path: eval/live/plots
      hash: md5
      md5: eeb3f7e91b4db07891aab49de5040931.dir
      size: 801650
      nfiles: 4
    - path: eval/prc
      hash: md5
      md5: 5ec67692d231cd81e4d7cd35ef6c0b6d.dir
      size: 296331
      nfiles: 2
