schema: '2.0'
stages:
  prepare:
    cmd: python src/prepare.py data/data.xml
    deps:
    - path: data/data.xml
      hash: md5
      md5: 22a1a2931c8370d3aeedd7183606fd7f
      size: 14445097
    - path: src/prepare.py
      hash: md5
      md5: f09ea0c15980b43010257ccb9f0055e2
      size: 1576
    params:
      params.yaml:
        prepare.seed: 20170428
        prepare.split: 0.3
    outs:
    - path: data/prepared
      hash: md5
      md5: 5513d7e86f06ddf1cfb7f5ecebd4c84e.dir
      size: 8437363
      nfiles: 2
  featurize:
    cmd: python src/featurization.py data/prepared data/features
    deps:
    - path: data/prepared
      hash: md5
      md5: 5513d7e86f06ddf1cfb7f5ecebd4c84e.dir
      size: 8437363
      nfiles: 2
    - path: src/featurization.py
      hash: md5
      md5: e0265fc22f056a4b86d85c3056bc2894
      size: 2490
    params:
      params.yaml:
        featurize.max_features: 100
        featurize.ngrams: 1
    outs:
    - path: data/features
      hash: md5
      md5: 9c9742a078e35b3d3ab3f07d55dcd6d6.dir
      size: 1558198
      nfiles: 2
  train:
    cmd: python src/train.py data/features model.pkl
    deps:
    - path: data/features
      hash: md5
      md5: 9c9742a078e35b3d3ab3f07d55dcd6d6.dir
      size: 1558198
      nfiles: 2
    - path: src/train.py
      hash: md5
      md5: c3961d777cfbd7727f9fde4851896006
      size: 967
    params:
      params.yaml:
        train.min_split: 0.01
        train.n_est: 100
        train.seed: 20170428
    outs:
    - path: model.pkl
      hash: md5
      md5: f320e915e7db66d36b3d2bcf65ffb7d2
      size: 3216764
  evaluate:
    cmd: python src/evaluate.py model.pkl data/features
    deps:
    - path: data/features
      hash: md5
      md5: 9c9742a078e35b3d3ab3f07d55dcd6d6.dir
      size: 1558198
      nfiles: 2
    - path: model.pkl
      hash: md5
      md5: f320e915e7db66d36b3d2bcf65ffb7d2
      size: 3216764
    - path: src/evaluate.py
      hash: md5
      md5: e1a0cdcd3c42733bc6423a08902a2077
      size: 3312
    outs:
    - path: eval/importance.png
      hash: md5
      md5: 2100a434de65a5dc02d0cd50f580af9a
      size: 29797
    - path: eval/live/metrics.json
      hash: md5
      md5: e72fbd1e7d39c50bc9bd6ded80dc29bc
      size: 200
    - path: eval/live/plots
      hash: md5
      md5: 158d651529242d3c01dd12c31091de7d.dir
      size: 784652
      nfiles: 4
    - path: eval/prc
      hash: md5
      md5: afa5f334fc2f8db4e012872ae48b4381.dir
      size: 259647
      nfiles: 2
