schema: '2.0'
stages:
  prepare:
    cmd: python src/prepare.py data/data.xml
    deps:
    - path: data/data.xml
      hash: md5
      md5: 22a1a2931c8370d3aeedd7183606fd7f
      size: 14445097
    - path: src/prepare.py
      hash: md5
      md5: f09ea0c15980b43010257ccb9f0055e2
      size: 1576
    params:
      params.yaml:
        prepare.seed: 20170428
        prepare.split: 0.1
    outs:
    - path: data/prepared
      hash: md5
      md5: 57d99023ee090be711c948751a69216f.dir
      size: 8437363
      nfiles: 2
  featurize:
    cmd: python src/featurization.py data/prepared data/features
    deps:
    - path: data/prepared
      hash: md5
      md5: 57d99023ee090be711c948751a69216f.dir
      size: 8437363
      nfiles: 2
    - path: src/featurization.py
      hash: md5
      md5: e0265fc22f056a4b86d85c3056bc2894
      size: 2490
    params:
      params.yaml:
        featurize.max_features: 100
        featurize.ngrams: 1
    outs:
    - path: data/features
      hash: md5
      md5: db35e966351495a720d194cda5690c46.dir
      size: 1562385
      nfiles: 2
  train:
    cmd: python src/train.py data/features model.pkl
    deps:
    - path: data/features
      hash: md5
      md5: db35e966351495a720d194cda5690c46.dir
      size: 1562385
      nfiles: 2
    - path: src/train.py
      hash: md5
      md5: c3961d777cfbd7727f9fde4851896006
      size: 967
    params:
      params.yaml:
        train.min_split: 0.01
        train.n_est: 100
        train.seed: 20170428
    outs:
    - path: model.pkl
      hash: md5
      md5: b78d141ee31c43f897a4de43ff0d0de2
      size: 3504098
  evaluate:
    cmd: python src/evaluate.py model.pkl data/features
    deps:
    - path: data/features
      hash: md5
      md5: db35e966351495a720d194cda5690c46.dir
      size: 1562385
      nfiles: 2
    - path: model.pkl
      hash: md5
      md5: b78d141ee31c43f897a4de43ff0d0de2
      size: 3504098
    - path: src/evaluate.py
      hash: md5
      md5: e1a0cdcd3c42733bc6423a08902a2077
      size: 3312
    outs:
    - path: eval/importance.png
      hash: md5
      md5: 759eabb5b2073da673e3e8fe7d2429fa
      size: 29747
    - path: eval/live/metrics.json
      hash: md5
      md5: 67313a141bb24aee9506bfd0c27690ce
      size: 197
    - path: eval/live/plots
      hash: md5
      md5: a23385bc14fe92578b9038c24e2f6fb5.dir
      size: 775809
      nfiles: 4
    - path: eval/prc
      hash: md5
      md5: a393fe8b6216d95513157c6c6446dceb.dir
      size: 289520
      nfiles: 2
